
Microsoft Visual Studio Solution File, Format Version 12.00
# Visual Studio Version 16
VisualStudioVersion = 16.0.30804.86
MinimumVisualStudioVersion = 10.0.40219.1
Project("{8BC9CEB8-8B4A-11D0-8D11-00A0C91BC942}") = "PA", "PA.vcxproj", "{19554DA8-917C-44E9-A4BD-2F1EA4F3DCCE}"
EndProject
Global
	GlobalSection(SolutionConfigurationPlatforms) = preSolution
		Debug|x64 = Debug|x64
		Debug|x86 = Debug|x86
		Release|x64 = Release|x64
		Release|x86 = Release|x86
	EndGlobalSection
	GlobalSection(ProjectConfigurationPlatforms) = postSolution
		{19554DA8-917C-44E9-A4BD-2F1EA4F3DCCE}.Debug|x64.ActiveCfg = Debug|x64
		{19554DA8-917C-44E9-A4BD-2F1EA4F3DCCE}.Debug|x64.Build.0 = Debug|x64
		{19554DA8-917C-44E9-A4BD-2F1EA4F3DCCE}.Debug|x86.ActiveCfg = Debug|Win32
		{19554DA8-917C-44E9-A4BD-2F1EA4F3DCCE}.Debug|x86.Build.0 = Debug|Win32
		{19554DA8-917C-44E9-A4BD-2F1EA4F3DCCE}.Release|x64.ActiveCfg = Release|x64
		{19554DA8-917C-44E9-A4BD-2F1EA4F3DCCE}.Release|x64.Build.0 = Release|x64
		{19554DA8-917C-44E9-A4BD-2F1EA4F3DCCE}.Release|x86.ActiveCfg = Release|Win32
		{19554DA8-917C-44E9-A4BD-2F1EA4F3DCCE}.Release|x86.Build.0 = Release|Win32
	EndGlobalSection
	GlobalSection(SolutionProperties) = preSolution
		HideSolutionNode = FALSE
	EndGlobalSection
	GlobalSection(ExtensibilityGlobals) = postSolution
		SolutionGuid = {71140147-60E3-4D0E-B9D8-148A20F21577}
	EndGlobalSection
EndGlobal
